
Microsoft Visual Studio Solution File, Format Version 12.00
# Visual Studio 14
VisualStudioVersion = 14.0.25420.1
MinimumVisualStudioVersion = 10.0.40219.1
Project("{FAE04EC0-301F-11D3-BF4B-00C04F79EFBC}") = "log4net", "log4net\log4net.csproj", "{40F8C599-85B4-4FE9-9C9E-B0945C48E79E}"
EndProject
Project("{2150E333-8FDC-42A3-9474-1A3956D46DE8}") = "AddIns", "AddIns", "{441F3C3C-6583-463B-8FD2-BB0A48410E1F}"
EndProject
Project("{FAE04EC0-301F-11D3-BF4B-00C04F79EFBC}") = "Doubts", "Doubts\Doubts.csproj", "{B1EFA067-196D-4C83-9045-D0929E2A32AE}"
	ProjectSection(ProjectDependencies) = postProject
		{70C08828-7C05-42C6-A536-37E0B6A04757} = {70C08828-7C05-42C6-A536-37E0B6A04757}
		{155BEAC5-9E34-474B-8EC0-E7607288A3BD} = {155BEAC5-9E34-474B-8EC0-E7607288A3BD}
	EndProjectSection
EndProject
Project("{FAE04EC0-301F-11D3-BF4B-00C04F79EFBC}") = "Doubts.AomiEx", "Doubts.AomiEx\Doubts.AomiEx.csproj", "{F3B72FAF-31B2-4D08-9DF8-15A58D11BBA0}"
EndProject
Project("{2150E333-8FDC-42A3-9474-1A3956D46DE8}") = "WebFeature", "WebFeature", "{6DEB1042-D6AD-4CB9-B51B-AFC7AB4F0BB0}"
EndProject
Project("{FAE04EC0-301F-11D3-BF4B-00C04F79EFBC}") = "Doubts.WebFeature", "AddIns\WebFeature\Doubts.WebFeature\Doubts.WebFeature.csproj", "{155BEAC5-9E34-474B-8EC0-E7607288A3BD}"
	ProjectSection(ProjectDependencies) = postProject
		{D9BD3301-0627-4D62-A78C-5741E02A950D} = {D9BD3301-0627-4D62-A78C-5741E02A950D}
		{64ED684B-187D-4D21-903C-DA5067F8F066} = {64ED684B-187D-4D21-903C-DA5067F8F066}
	EndProjectSection
EndProject
Project("{FAE04EC0-301F-11D3-BF4B-00C04F79EFBC}") = "Doubts.WebFramwork", "AddIns\WebFeature\Doubts.WebFramwork\Doubts.WebFramwork.csproj", "{70C08828-7C05-42C6-A536-37E0B6A04757}"
EndProject
Project("{FAE04EC0-301F-11D3-BF4B-00C04F79EFBC}") = "Doubts.Thought", "Doubts.Thought\Doubts.Thought.csproj", "{E35BAE23-3878-4D4A-8D85-E11525A43BBF}"
EndProject
Project("{FAE04EC0-301F-11D3-BF4B-00C04F79EFBC}") = "Doubts.Framework", "Doubts.Framework\Doubts.Framework.csproj", "{252E717B-C35B-4126-938E-64714ED10650}"
EndProject
Project("{FAE04EC0-301F-11D3-BF4B-00C04F79EFBC}") = "Doubts.ChromiumSubProcess", "AddIns\WebFeature\Doubts.ChromiumSubProcess\Doubts.ChromiumSubProcess.csproj", "{D9BD3301-0627-4D62-A78C-5741E02A950D}"
EndProject
Project("{8BC9CEB8-8B4A-11D0-8D11-00A0C91BC942}") = "libcfx", "AddIns\WebFeature\libcfx\libcfx.vcxproj", "{64ED684B-187D-4D21-903C-DA5067F8F066}"
EndProject
Project("{2150E333-8FDC-42A3-9474-1A3956D46DE8}") = "AoGraphic", "AoGraphic", "{DDA78192-F90D-4AD5-9F2D-EAF446A25919}"
EndProject
Project("{FAE04EC0-301F-11D3-BF4B-00C04F79EFBC}") = "Doubts.AoGraphic", "Doubts.AoGraphic\Doubts.AoGraphic.csproj", "{129D12A2-C841-4C5E-972D-5A563F6E0898}"
EndProject
Global
	GlobalSection(SolutionConfigurationPlatforms) = preSolution
		Debug|Any CPU = Debug|Any CPU
		Debug|Win32 = Debug|Win32
		Debug|x64 = Debug|x64
		Release|Any CPU = Release|Any CPU
		Release|Win32 = Release|Win32
		Release|x64 = Release|x64
	EndGlobalSection
	GlobalSection(ProjectConfigurationPlatforms) = postSolution
		{40F8C599-85B4-4FE9-9C9E-B0945C48E79E}.Debug|Any CPU.ActiveCfg = Debug|Any CPU
		{40F8C599-85B4-4FE9-9C9E-B0945C48E79E}.Debug|Any CPU.Build.0 = Debug|Any CPU
		{40F8C599-85B4-4FE9-9C9E-B0945C48E79E}.Debug|Win32.ActiveCfg = Debug|Any CPU
		{40F8C599-85B4-4FE9-9C9E-B0945C48E79E}.Debug|Win32.Build.0 = Debug|Any CPU
		{40F8C599-85B4-4FE9-9C9E-B0945C48E79E}.Debug|x64.ActiveCfg = Debug|Any CPU
		{40F8C599-85B4-4FE9-9C9E-B0945C48E79E}.Debug|x64.Build.0 = Debug|Any CPU
		{40F8C599-85B4-4FE9-9C9E-B0945C48E79E}.Release|Any CPU.ActiveCfg = Release|Any CPU
		{40F8C599-85B4-4FE9-9C9E-B0945C48E79E}.Release|Any CPU.Build.0 = Release|Any CPU
		{40F8C599-85B4-4FE9-9C9E-B0945C48E79E}.Release|Win32.ActiveCfg = Release|Any CPU
		{40F8C599-85B4-4FE9-9C9E-B0945C48E79E}.Release|Win32.Build.0 = Release|Any CPU
		{40F8C599-85B4-4FE9-9C9E-B0945C48E79E}.Release|x64.ActiveCfg = Release|Any CPU
		{40F8C599-85B4-4FE9-9C9E-B0945C48E79E}.Release|x64.Build.0 = Release|Any CPU
		{B1EFA067-196D-4C83-9045-D0929E2A32AE}.Debug|Any CPU.ActiveCfg = Debug|Any CPU
		{B1EFA067-196D-4C83-9045-D0929E2A32AE}.Debug|Any CPU.Build.0 = Debug|Any CPU
		{B1EFA067-196D-4C83-9045-D0929E2A32AE}.Debug|Win32.ActiveCfg = Debug|Any CPU
		{B1EFA067-196D-4C83-9045-D0929E2A32AE}.Debug|Win32.Build.0 = Debug|Any CPU
		{B1EFA067-196D-4C83-9045-D0929E2A32AE}.Debug|x64.ActiveCfg = Debug|Any CPU
		{B1EFA067-196D-4C83-9045-D0929E2A32AE}.Debug|x64.Build.0 = Debug|Any CPU
		{B1EFA067-196D-4C83-9045-D0929E2A32AE}.Release|Any CPU.ActiveCfg = Release|Any CPU
		{B1EFA067-196D-4C83-9045-D0929E2A32AE}.Release|Any CPU.Build.0 = Release|Any CPU
		{B1EFA067-196D-4C83-9045-D0929E2A32AE}.Release|Win32.ActiveCfg = Release|Any CPU
		{B1EFA067-196D-4C83-9045-D0929E2A32AE}.Release|Win32.Build.0 = Release|Any CPU
		{B1EFA067-196D-4C83-9045-D0929E2A32AE}.Release|x64.ActiveCfg = Release|Any CPU
		{B1EFA067-196D-4C83-9045-D0929E2A32AE}.Release|x64.Build.0 = Release|Any CPU
		{F3B72FAF-31B2-4D08-9DF8-15A58D11BBA0}.Debug|Any CPU.ActiveCfg = Debug|Any CPU
		{F3B72FAF-31B2-4D08-9DF8-15A58D11BBA0}.Debug|Any CPU.Build.0 = Debug|Any CPU
		{F3B72FAF-31B2-4D08-9DF8-15A58D11BBA0}.Debug|Win32.ActiveCfg = Debug|Any CPU
		{F3B72FAF-31B2-4D08-9DF8-15A58D11BBA0}.Debug|Win32.Build.0 = Debug|Any CPU
		{F3B72FAF-31B2-4D08-9DF8-15A58D11BBA0}.Debug|x64.ActiveCfg = Debug|Any CPU
		{F3B72FAF-31B2-4D08-9DF8-15A58D11BBA0}.Debug|x64.Build.0 = Debug|Any CPU
		{F3B72FAF-31B2-4D08-9DF8-15A58D11BBA0}.Release|Any CPU.ActiveCfg = Release|Any CPU
		{F3B72FAF-31B2-4D08-9DF8-15A58D11BBA0}.Release|Any CPU.Build.0 = Release|Any CPU
		{F3B72FAF-31B2-4D08-9DF8-15A58D11BBA0}.Release|Win32.ActiveCfg = Release|Any CPU
		{F3B72FAF-31B2-4D08-9DF8-15A58D11BBA0}.Release|Win32.Build.0 = Release|Any CPU
		{F3B72FAF-31B2-4D08-9DF8-15A58D11BBA0}.Release|x64.ActiveCfg = Release|Any CPU
		{F3B72FAF-31B2-4D08-9DF8-15A58D11BBA0}.Release|x64.Build.0 = Release|Any CPU
		{155BEAC5-9E34-474B-8EC0-E7607288A3BD}.Debug|Any CPU.ActiveCfg = Debug|Any CPU
		{155BEAC5-9E34-474B-8EC0-E7607288A3BD}.Debug|Any CPU.Build.0 = Debug|Any CPU
		{155BEAC5-9E34-474B-8EC0-E7607288A3BD}.Debug|Win32.ActiveCfg = Debug|Any CPU
		{155BEAC5-9E34-474B-8EC0-E7607288A3BD}.Debug|Win32.Build.0 = Debug|Any CPU
		{155BEAC5-9E34-474B-8EC0-E7607288A3BD}.Debug|x64.ActiveCfg = Debug|Any CPU
		{155BEAC5-9E34-474B-8EC0-E7607288A3BD}.Debug|x64.Build.0 = Debug|Any CPU
		{155BEAC5-9E34-474B-8EC0-E7607288A3BD}.Release|Any CPU.ActiveCfg = Release|Any CPU
		{155BEAC5-9E34-474B-8EC0-E7607288A3BD}.Release|Any CPU.Build.0 = Release|Any CPU
		{155BEAC5-9E34-474B-8EC0-E7607288A3BD}.Release|Win32.ActiveCfg = Release|Any CPU
		{155BEAC5-9E34-474B-8EC0-E7607288A3BD}.Release|Win32.Build.0 = Release|Any CPU
		{155BEAC5-9E34-474B-8EC0-E7607288A3BD}.Release|x64.ActiveCfg = Release|Any CPU
		{155BEAC5-9E34-474B-8EC0-E7607288A3BD}.Release|x64.Build.0 = Release|Any CPU
		{70C08828-7C05-42C6-A536-37E0B6A04757}.Debug|Any CPU.ActiveCfg = Debug|Any CPU
		{70C08828-7C05-42C6-A536-37E0B6A04757}.Debug|Any CPU.Build.0 = Debug|Any CPU
		{70C08828-7C05-42C6-A536-37E0B6A04757}.Debug|Win32.ActiveCfg = Debug|Any CPU
		{70C08828-7C05-42C6-A536-37E0B6A04757}.Debug|Win32.Build.0 = Debug|Any CPU
		{70C08828-7C05-42C6-A536-37E0B6A04757}.Debug|x64.ActiveCfg = Debug|Any CPU
		{70C08828-7C05-42C6-A536-37E0B6A04757}.Debug|x64.Build.0 = Debug|Any CPU
		{70C08828-7C05-42C6-A536-37E0B6A04757}.Release|Any CPU.ActiveCfg = Release|Any CPU
		{70C08828-7C05-42C6-A536-37E0B6A04757}.Release|Any CPU.Build.0 = Release|Any CPU
		{70C08828-7C05-42C6-A536-37E0B6A04757}.Release|Win32.ActiveCfg = Release|Any CPU
		{70C08828-7C05-42C6-A536-37E0B6A04757}.Release|Win32.Build.0 = Release|Any CPU
		{70C08828-7C05-42C6-A536-37E0B6A04757}.Release|x64.ActiveCfg = Release|Any CPU
		{70C08828-7C05-42C6-A536-37E0B6A04757}.Release|x64.Build.0 = Release|Any CPU
		{E35BAE23-3878-4D4A-8D85-E11525A43BBF}.Debug|Any CPU.ActiveCfg = Debug|Any CPU
		{E35BAE23-3878-4D4A-8D85-E11525A43BBF}.Debug|Any CPU.Build.0 = Debug|Any CPU
		{E35BAE23-3878-4D4A-8D85-E11525A43BBF}.Debug|Win32.ActiveCfg = Debug|Any CPU
		{E35BAE23-3878-4D4A-8D85-E11525A43BBF}.Debug|Win32.Build.0 = Debug|Any CPU
		{E35BAE23-3878-4D4A-8D85-E11525A43BBF}.Debug|x64.ActiveCfg = Debug|Any CPU
		{E35BAE23-3878-4D4A-8D85-E11525A43BBF}.Debug|x64.Build.0 = Debug|Any CPU
		{E35BAE23-3878-4D4A-8D85-E11525A43BBF}.Release|Any CPU.ActiveCfg = Release|Any CPU
		{E35BAE23-3878-4D4A-8D85-E11525A43BBF}.Release|Any CPU.Build.0 = Release|Any CPU
		{E35BAE23-3878-4D4A-8D85-E11525A43BBF}.Release|Win32.ActiveCfg = Release|Any CPU
		{E35BAE23-3878-4D4A-8D85-E11525A43BBF}.Release|Win32.Build.0 = Release|Any CPU
		{E35BAE23-3878-4D4A-8D85-E11525A43BBF}.Release|x64.ActiveCfg = Release|Any CPU
		{E35BAE23-3878-4D4A-8D85-E11525A43BBF}.Release|x64.Build.0 = Release|Any CPU
		{252E717B-C35B-4126-938E-64714ED10650}.Debug|Any CPU.ActiveCfg = Debug|Any CPU
		{252E717B-C35B-4126-938E-64714ED10650}.Debug|Any CPU.Build.0 = Debug|Any CPU
		{252E717B-C35B-4126-938E-64714ED10650}.Debug|Win32.ActiveCfg = Debug|Any CPU
		{252E717B-C35B-4126-938E-64714ED10650}.Debug|Win32.Build.0 = Debug|Any CPU
		{252E717B-C35B-4126-938E-64714ED10650}.Debug|x64.ActiveCfg = Debug|Any CPU
		{252E717B-C35B-4126-938E-64714ED10650}.Debug|x64.Build.0 = Debug|Any CPU
		{252E717B-C35B-4126-938E-64714ED10650}.Release|Any CPU.ActiveCfg = Release|Any CPU
		{252E717B-C35B-4126-938E-64714ED10650}.Release|Any CPU.Build.0 = Release|Any CPU
		{252E717B-C35B-4126-938E-64714ED10650}.Release|Win32.ActiveCfg = Release|Any CPU
		{252E717B-C35B-4126-938E-64714ED10650}.Release|Win32.Build.0 = Release|Any CPU
		{252E717B-C35B-4126-938E-64714ED10650}.Release|x64.ActiveCfg = Release|Any CPU
		{252E717B-C35B-4126-938E-64714ED10650}.Release|x64.Build.0 = Release|Any CPU
		{D9BD3301-0627-4D62-A78C-5741E02A950D}.Debug|Any CPU.ActiveCfg = Debug|Any CPU
		{D9BD3301-0627-4D62-A78C-5741E02A950D}.Debug|Any CPU.Build.0 = Debug|Any CPU
		{D9BD3301-0627-4D62-A78C-5741E02A950D}.Debug|Win32.ActiveCfg = Debug|Any CPU
		{D9BD3301-0627-4D62-A78C-5741E02A950D}.Debug|Win32.Build.0 = Debug|Any CPU
		{D9BD3301-0627-4D62-A78C-5741E02A950D}.Debug|x64.ActiveCfg = Debug|Any CPU
		{D9BD3301-0627-4D62-A78C-5741E02A950D}.Debug|x64.Build.0 = Debug|Any CPU
		{D9BD3301-0627-4D62-A78C-5741E02A950D}.Release|Any CPU.ActiveCfg = Release|Any CPU
		{D9BD3301-0627-4D62-A78C-5741E02A950D}.Release|Any CPU.Build.0 = Release|Any CPU
		{D9BD3301-0627-4D62-A78C-5741E02A950D}.Release|Win32.ActiveCfg = Release|Any CPU
		{D9BD3301-0627-4D62-A78C-5741E02A950D}.Release|Win32.Build.0 = Release|Any CPU
		{D9BD3301-0627-4D62-A78C-5741E02A950D}.Release|x64.ActiveCfg = Release|Any CPU
		{D9BD3301-0627-4D62-A78C-5741E02A950D}.Release|x64.Build.0 = Release|Any CPU
		{64ED684B-187D-4D21-903C-DA5067F8F066}.Debug|Any CPU.ActiveCfg = Debug|x64
		{64ED684B-187D-4D21-903C-DA5067F8F066}.Debug|Any CPU.Build.0 = Debug|x64
		{64ED684B-187D-4D21-903C-DA5067F8F066}.Debug|Win32.ActiveCfg = Debug|Win32
		{64ED684B-187D-4D21-903C-DA5067F8F066}.Debug|Win32.Build.0 = Debug|Win32
		{64ED684B-187D-4D21-903C-DA5067F8F066}.Debug|x64.ActiveCfg = Debug|x64
		{64ED684B-187D-4D21-903C-DA5067F8F066}.Debug|x64.Build.0 = Debug|x64
		{64ED684B-187D-4D21-903C-DA5067F8F066}.Release|Any CPU.ActiveCfg = Release|Win32
		{64ED684B-187D-4D21-903C-DA5067F8F066}.Release|Win32.ActiveCfg = Release|Win32
		{64ED684B-187D-4D21-903C-DA5067F8F066}.Release|Win32.Build.0 = Release|Win32
		{64ED684B-187D-4D21-903C-DA5067F8F066}.Release|x64.ActiveCfg = Release|x64
		{64ED684B-187D-4D21-903C-DA5067F8F066}.Release|x64.Build.0 = Release|x64
		{129D12A2-C841-4C5E-972D-5A563F6E0898}.Debug|Any CPU.ActiveCfg = Debug|Any CPU
		{129D12A2-C841-4C5E-972D-5A563F6E0898}.Debug|Any CPU.Build.0 = Debug|Any CPU
		{129D12A2-C841-4C5E-972D-5A563F6E0898}.Debug|Win32.ActiveCfg = Debug|Any CPU
		{129D12A2-C841-4C5E-972D-5A563F6E0898}.Debug|Win32.Build.0 = Debug|Any CPU
		{129D12A2-C841-4C5E-972D-5A563F6E0898}.Debug|x64.ActiveCfg = Debug|Any CPU
		{129D12A2-C841-4C5E-972D-5A563F6E0898}.Debug|x64.Build.0 = Debug|Any CPU
		{129D12A2-C841-4C5E-972D-5A563F6E0898}.Release|Any CPU.ActiveCfg = Release|Any CPU
		{129D12A2-C841-4C5E-972D-5A563F6E0898}.Release|Any CPU.Build.0 = Release|Any CPU
		{129D12A2-C841-4C5E-972D-5A563F6E0898}.Release|Win32.ActiveCfg = Release|Any CPU
		{129D12A2-C841-4C5E-972D-5A563F6E0898}.Release|Win32.Build.0 = Release|Any CPU
		{129D12A2-C841-4C5E-972D-5A563F6E0898}.Release|x64.ActiveCfg = Release|Any CPU
		{129D12A2-C841-4C5E-972D-5A563F6E0898}.Release|x64.Build.0 = Release|Any CPU
	EndGlobalSection
	GlobalSection(SolutionProperties) = preSolution
		HideSolutionNode = FALSE
	EndGlobalSection
	GlobalSection(NestedProjects) = preSolution
		{6DEB1042-D6AD-4CB9-B51B-AFC7AB4F0BB0} = {441F3C3C-6583-463B-8FD2-BB0A48410E1F}
		{155BEAC5-9E34-474B-8EC0-E7607288A3BD} = {6DEB1042-D6AD-4CB9-B51B-AFC7AB4F0BB0}
		{70C08828-7C05-42C6-A536-37E0B6A04757} = {6DEB1042-D6AD-4CB9-B51B-AFC7AB4F0BB0}
		{D9BD3301-0627-4D62-A78C-5741E02A950D} = {6DEB1042-D6AD-4CB9-B51B-AFC7AB4F0BB0}
		{64ED684B-187D-4D21-903C-DA5067F8F066} = {6DEB1042-D6AD-4CB9-B51B-AFC7AB4F0BB0}
		{DDA78192-F90D-4AD5-9F2D-EAF446A25919} = {441F3C3C-6583-463B-8FD2-BB0A48410E1F}
		{129D12A2-C841-4C5E-972D-5A563F6E0898} = {DDA78192-F90D-4AD5-9F2D-EAF446A25919}
	EndGlobalSection
EndGlobal
